{
    "_readme": [
        "This file locks the dependencies of your project to a known state",
        "Read more about it at https://getcomposer.org/doc/01-basic-usage.md#composer-lock-the-lock-file",
        "This file is @generated automatically"
    ],
    "hash": "c26e793c9eee5fa96027aafba1714892",
    "content-hash": "90e7db726d87c9cbabe6db07878e86f2",
    "packages": [
        {
            "name": "james-heinrich/getid3",
            "version": "v1.9.12",
            "source": {
                "type": "git",
                "url": "https://github.com/JamesHeinrich/getID3.git",
                "reference": "41c05612d532d30f07680cad3a4a6efbec7fc7f5"
            },
            "dist": {
                "type": "zip",
                "url": "https://api.github.com/repos/JamesHeinrich/getID3/zipball/41c05612d532d30f07680cad3a4a6efbec7fc7f5",
                "reference": "41c05612d532d30f07680cad3a4a6efbec7fc7f5",
                "shasum": ""
            },
            "require": {
                "php": ">=5.3.0"
            },
            "type": "library",
            "autoload": {
                "classmap": [
                    "getid3/getid3.php"
                ]
            },
            "notification-url": "https://packagist.org/downloads/",
            "license": [
                "GPL"
            ],
            "description": "PHP script that extracts useful information from popular multimedia file formats",
            "homepage": "http://www.getid3.org/",
            "keywords": [
                "codecs",
                "php",
                "tags"
            ],
            "time": "2016-03-02 13:13:30"
        },
        {
            "name": "liqpay/liqpay",
            "version": "dev-master",
            "source": {
                "type": "git",
                "url": "https://github.com/liqpay/sdk-php.git",
                "reference": "08c2a2795204563edc89238d7158d670a9557e42"
            },
            "dist": {
                "type": "zip",
                "url": "https://api.github.com/repos/liqpay/sdk-php/zipball/08c2a2795204563edc89238d7158d670a9557e42",
                "reference": "08c2a2795204563edc89238d7158d670a9557e42",
                "shasum": ""
            },
            "require": {
                "php": ">=5.3.0"
            },
            "type": "library",
            "autoload": {
                "classmap": [
                    "./LiqPay.php"
                ]
            },
            "notification-url": "https://packagist.org/downloads/",
            "license": [
                "OSL 3.0"
            ],
            "authors": [
                {
                    "name": "Liqpay",
                    "email": "support@liqpay.com",
                    "homepage": "https://www.liqpay.com/",
                    "role": "Developer"
                }
            ],
            "description": "SDK for Liqpay",
            "homepage": "https://github.com/liqpay/sdk-php",
            "keywords": [
                "liqpay",
                "pay"
            ],
            "time": "2016-06-04 07:55:03"
        },
        {
            "name": "mixpanel/mixpanel-php",
            "version": "2.6.2",
            "source": {
                "type": "git",
                "url": "https://github.com/mixpanel/mixpanel-php.git",
                "reference": "7031e213554436793e0927184f41be72dcd63eb6"
            },
            "dist": {
                "type": "zip",
                "url": "https://api.github.com/repos/mixpanel/mixpanel-php/zipball/7031e213554436793e0927184f41be72dcd63eb6",
                "reference": "7031e213554436793e0927184f41be72dcd63eb6",
                "shasum": ""
            },
            "require": {
                "php": ">=5.0"
            },
            "require-dev": {
                "phpdocumentor/phpdocumentor": "2.*",
                "phpunit/phpunit": "3.7.*"
            },
            "type": "library",
            "autoload": {
                "files": [
                    "lib/Mixpanel.php"
                ]
            },
            "notification-url": "https://packagist.org/downloads/",
            "license": [
                "MIT"
            ],
            "authors": [
                {
                    "name": "Mixpanel <dev@mixpanel.com>",
                    "homepage": "https://mixpanel.com/"
                }
            ],
            "description": "The Official PHP library for Mixpanel",
            "homepage": "https://mixpanel.com/help/reference/php",
            "keywords": [
                "mixpanel",
                "mixpanel php"
            ],
            "time": "2014-06-11 19:10:51"
        },
        {
            "name": "twig/twig",
            "version": "v1.25.0",
            "source": {
                "type": "git",
                "url": "https://github.com/twigphp/Twig.git",
                "reference": "f16a634ab08d87e520da5671ec52153d627f10f6"
            },
            "dist": {
                "type": "zip",
                "url": "https://api.github.com/repos/twigphp/Twig/zipball/f16a634ab08d87e520da5671ec52153d627f10f6",
                "reference": "f16a634ab08d87e520da5671ec52153d627f10f6",
                "shasum": ""
            },
            "require": {
                "php": ">=5.2.7"
            },
            "require-dev": {
                "symfony/debug": "~2.7",
                "symfony/phpunit-bridge": "~2.7"
            },
            "type": "library",
            "extra": {
                "branch-alias": {
                    "dev-master": "1.25-dev"
                }
            },
            "autoload": {
                "psr-0": {
                    "Twig_": "lib/"
                }
            },
            "notification-url": "https://packagist.org/downloads/",
            "license": [
                "BSD-3-Clause"
            ],
            "authors": [
                {
                    "name": "Fabien Potencier",
                    "email": "fabien@symfony.com",
                    "homepage": "http://fabien.potencier.org",
                    "role": "Lead Developer"
                },
                {
                    "name": "Armin Ronacher",
                    "email": "armin.ronacher@active-4.com",
                    "role": "Project Founder"
                },
                {
                    "name": "Twig Team",
                    "homepage": "http://twig.sensiolabs.org/contributors",
                    "role": "Contributors"
                }
            ],
            "description": "Twig, the flexible, fast, and secure template language for PHP",
            "homepage": "http://twig.sensiolabs.org",
            "keywords": [
                "templating"
            ],
            "time": "2016-09-21 23:05:12"
        }
    ],
    "packages-dev": [],
    "aliases": [],
    "minimum-stability": "beta",
    "stability-flags": {
        "liqpay/liqpay": 20
    },
    "prefer-stable": false,
    "prefer-lowest": false,
    "platform": [],
    "platform-dev": []
}
